
Microsoft Visual Studio Solution File, Format Version 12.00
# Visual Studio Version 17
VisualStudioVersion = 17.5.2.0
MinimumVisualStudioVersion = 10.0.40219.1
Project("{2150E333-8FDC-42A3-9474-1A3956D46DE8}") = "src", "src", "{827E0CD3-B72D-47B6-A68D-7590B98EB39B}"
EndProject
Project("{FAE04EC0-301F-11D3-BF4B-00C04F79EFBC}") = "Inkhound.Core", "src\Inkhound.Core\Inkhound.Core.csproj", "{F7C7034E-0E7A-74E2-BBBC-EFAF8F44D83A}"
EndProject
Project("{FAE04EC0-301F-11D3-BF4B-00C04F79EFBC}") = "Inkhound.Web", "src\Inkhound.Web\Inkhound.Web.csproj", "{B0E68AA9-B1BE-9AB7-BCA6-C3CD635C5A77}"
EndProject
Project("{FAE04EC0-301F-11D3-BF4B-00C04F79EFBC}") = "Inkhound.Console", "src\Inkhound.Console\Inkhound.Console.csproj", "{2BD23B9F-4166-4A1F-910A-91B028D6A3B5}"
EndProject
Project("{FAE04EC0-301F-11D3-BF4B-00C04F79EFBC}") = "Foundation.Core", "src\Foundation.Core\Foundation.Core.csproj", "{169A0023-3E9C-4BFC-95D6-A14FF70FC5F8}"
EndProject
Global
	GlobalSection(SolutionConfigurationPlatforms) = preSolution
		Debug|Any CPU = Debug|Any CPU
		Debug|x64 = Debug|x64
		Debug|x86 = Debug|x86
		Release|Any CPU = Release|Any CPU
		Release|x64 = Release|x64
		Release|x86 = Release|x86
	EndGlobalSection
	GlobalSection(ProjectConfigurationPlatforms) = postSolution
		{F7C7034E-0E7A-74E2-BBBC-EFAF8F44D83A}.Debug|Any CPU.ActiveCfg = Debug|Any CPU
		{F7C7034E-0E7A-74E2-BBBC-EFAF8F44D83A}.Debug|Any CPU.Build.0 = Debug|Any CPU
		{F7C7034E-0E7A-74E2-BBBC-EFAF8F44D83A}.Debug|x64.ActiveCfg = Debug|Any CPU
		{F7C7034E-0E7A-74E2-BBBC-EFAF8F44D83A}.Debug|x64.Build.0 = Debug|Any CPU
		{F7C7034E-0E7A-74E2-BBBC-EFAF8F44D83A}.Debug|x86.ActiveCfg = Debug|Any CPU
		{F7C7034E-0E7A-74E2-BBBC-EFAF8F44D83A}.Debug|x86.Build.0 = Debug|Any CPU
		{F7C7034E-0E7A-74E2-BBBC-EFAF8F44D83A}.Release|Any CPU.ActiveCfg = Release|Any CPU
		{F7C7034E-0E7A-74E2-BBBC-EFAF8F44D83A}.Release|Any CPU.Build.0 = Release|Any CPU
		{F7C7034E-0E7A-74E2-BBBC-EFAF8F44D83A}.Release|x64.ActiveCfg = Release|Any CPU
		{F7C7034E-0E7A-74E2-BBBC-EFAF8F44D83A}.Release|x64.Build.0 = Release|Any CPU
		{F7C7034E-0E7A-74E2-BBBC-EFAF8F44D83A}.Release|x86.ActiveCfg = Release|Any CPU
		{F7C7034E-0E7A-74E2-BBBC-EFAF8F44D83A}.Release|x86.Build.0 = Release|Any CPU
		{B0E68AA9-B1BE-9AB7-BCA6-C3CD635C5A77}.Debug|Any CPU.ActiveCfg = Debug|Any CPU
		{B0E68AA9-B1BE-9AB7-BCA6-C3CD635C5A77}.Debug|Any CPU.Build.0 = Debug|Any CPU
		{B0E68AA9-B1BE-9AB7-BCA6-C3CD635C5A77}.Debug|x64.ActiveCfg = Debug|Any CPU
		{B0E68AA9-B1BE-9AB7-BCA6-C3CD635C5A77}.Debug|x64.Build.0 = Debug|Any CPU
		{B0E68AA9-B1BE-9AB7-BCA6-C3CD635C5A77}.Debug|x86.ActiveCfg = Debug|Any CPU
		{B0E68AA9-B1BE-9AB7-BCA6-C3CD635C5A77}.Debug|x86.Build.0 = Debug|Any CPU
		{B0E68AA9-B1BE-9AB7-BCA6-C3CD635C5A77}.Release|Any CPU.ActiveCfg = Release|Any CPU
		{B0E68AA9-B1BE-9AB7-BCA6-C3CD635C5A77}.Release|Any CPU.Build.0 = Release|Any CPU
		{B0E68AA9-B1BE-9AB7-BCA6-C3CD635C5A77}.Release|x64.ActiveCfg = Release|Any CPU
		{B0E68AA9-B1BE-9AB7-BCA6-C3CD635C5A77}.Release|x64.Build.0 = Release|Any CPU
		{B0E68AA9-B1BE-9AB7-BCA6-C3CD635C5A77}.Release|x86.ActiveCfg = Release|Any CPU
		{B0E68AA9-B1BE-9AB7-BCA6-C3CD635C5A77}.Release|x86.Build.0 = Release|Any CPU
		{2BD23B9F-4166-4A1F-910A-91B028D6A3B5}.Debug|Any CPU.ActiveCfg = Debug|Any CPU
		{2BD23B9F-4166-4A1F-910A-91B028D6A3B5}.Debug|Any CPU.Build.0 = Debug|Any CPU
		{2BD23B9F-4166-4A1F-910A-91B028D6A3B5}.Debug|x64.ActiveCfg = Debug|Any CPU
		{2BD23B9F-4166-4A1F-910A-91B028D6A3B5}.Debug|x64.Build.0 = Debug|Any CPU
		{2BD23B9F-4166-4A1F-910A-91B028D6A3B5}.Debug|x86.ActiveCfg = Debug|Any CPU
		{2BD23B9F-4166-4A1F-910A-91B028D6A3B5}.Debug|x86.Build.0 = Debug|Any CPU
		{2BD23B9F-4166-4A1F-910A-91B028D6A3B5}.Release|Any CPU.ActiveCfg = Release|Any CPU
		{2BD23B9F-4166-4A1F-910A-91B028D6A3B5}.Release|Any CPU.Build.0 = Release|Any CPU
		{2BD23B9F-4166-4A1F-910A-91B028D6A3B5}.Release|x64.ActiveCfg = Release|Any CPU
		{2BD23B9F-4166-4A1F-910A-91B028D6A3B5}.Release|x64.Build.0 = Release|Any CPU
		{2BD23B9F-4166-4A1F-910A-91B028D6A3B5}.Release|x86.ActiveCfg = Release|Any CPU
		{2BD23B9F-4166-4A1F-910A-91B028D6A3B5}.Release|x86.Build.0 = Release|Any CPU
		{169A0023-3E9C-4BFC-95D6-A14FF70FC5F8}.Debug|Any CPU.ActiveCfg = Debug|Any CPU
		{169A0023-3E9C-4BFC-95D6-A14FF70FC5F8}.Debug|Any CPU.Build.0 = Debug|Any CPU
		{169A0023-3E9C-4BFC-95D6-A14FF70FC5F8}.Debug|x64.ActiveCfg = Debug|Any CPU
		{169A0023-3E9C-4BFC-95D6-A14FF70FC5F8}.Debug|x64.Build.0 = Debug|Any CPU
		{169A0023-3E9C-4BFC-95D6-A14FF70FC5F8}.Debug|x86.ActiveCfg = Debug|Any CPU
		{169A0023-3E9C-4BFC-95D6-A14FF70FC5F8}.Debug|x86.Build.0 = Debug|Any CPU
		{169A0023-3E9C-4BFC-95D6-A14FF70FC5F8}.Release|Any CPU.ActiveCfg = Release|Any CPU
		{169A0023-3E9C-4BFC-95D6-A14FF70FC5F8}.Release|Any CPU.Build.0 = Release|Any CPU
		{169A0023-3E9C-4BFC-95D6-A14FF70FC5F8}.Release|x64.ActiveCfg = Release|Any CPU
		{169A0023-3E9C-4BFC-95D6-A14FF70FC5F8}.Release|x64.Build.0 = Release|Any CPU
		{169A0023-3E9C-4BFC-95D6-A14FF70FC5F8}.Release|x86.ActiveCfg = Release|Any CPU
		{169A0023-3E9C-4BFC-95D6-A14FF70FC5F8}.Release|x86.Build.0 = Release|Any CPU
	EndGlobalSection
	GlobalSection(SolutionProperties) = preSolution
		HideSolutionNode = FALSE
	EndGlobalSection
	GlobalSection(NestedProjects) = preSolution
		{F7C7034E-0E7A-74E2-BBBC-EFAF8F44D83A} = {827E0CD3-B72D-47B6-A68D-7590B98EB39B}
		{B0E68AA9-B1BE-9AB7-BCA6-C3CD635C5A77} = {827E0CD3-B72D-47B6-A68D-7590B98EB39B}
		{2BD23B9F-4166-4A1F-910A-91B028D6A3B5} = {827E0CD3-B72D-47B6-A68D-7590B98EB39B}
		{169A0023-3E9C-4BFC-95D6-A14FF70FC5F8} = {827E0CD3-B72D-47B6-A68D-7590B98EB39B}
	EndGlobalSection
	GlobalSection(ExtensibilityGlobals) = postSolution
		SolutionGuid = {D8765659-8B2A-403D-A0BD-0763CFDE0340}
	EndGlobalSection
EndGlobal
